
Microsoft Visual Studio Solution File, Format Version 12.00
# Visual Studio Version 17
VisualStudioVersion = 17.4.33015.44
MinimumVisualStudioVersion = 10.0.40219.1
Project("{FAE04EC0-301F-11D3-BF4B-00C04F79EFBC}") = "SimplePriority", "SimplePriority\SimplePriority.csproj", "{EDB37632-5449-4F26-B0D5-14E39DCDB552}"
EndProject
Global
	GlobalSection(SolutionConfigurationPlatforms) = preSolution
		Debug|Any CPU = Debug|Any CPU
		Release|Any CPU = Release|Any CPU
	EndGlobalSection
	GlobalSection(ProjectConfigurationPlatforms) = postSolution
		{EDB37632-5449-4F26-B0D5-14E39DCDB552}.Debug|Any CPU.ActiveCfg = Debug|Any CPU
		{EDB37632-5449-4F26-B0D5-14E39DCDB552}.Debug|Any CPU.Build.0 = Debug|Any CPU
		{EDB37632-5449-4F26-B0D5-14E39DCDB552}.Release|Any CPU.ActiveCfg = Release|Any CPU
		{EDB37632-5449-4F26-B0D5-14E39DCDB552}.Release|Any CPU.Build.0 = Release|Any CPU
	EndGlobalSection
	GlobalSection(SolutionProperties) = preSolution
		HideSolutionNode = FALSE
	EndGlobalSection
	GlobalSection(ExtensibilityGlobals) = postSolution
		SolutionGuid = {E60A2760-E8A6-4487-9A3E-C1A6A294F7E2}
	EndGlobalSection
EndGlobal
